
Microsoft Visual Studio Solution File, Format Version 12.00
# Visual Studio Version 17
VisualStudioVersion = 17.12.35527.113
MinimumVisualStudioVersion = 10.0.40219.1
Project("{8BC9CEB8-8B4A-11D0-8D11-00A0C91BC942}") = "ConsoleCpp", "ConsoleCpp\ConsoleCpp.vcxproj", "{FE07329E-4920-40F9-8595-78561727F1CA}"
EndProject
Project("{8BC9CEB8-8B4A-11D0-8D11-00A0C91BC942}") = "Frametest", "Frametest\Frametest.vcxproj", "{94D511CA-C5B5-4267-BC3F-D4459F08016E}"
EndProject
Project("{8BC9CEB8-8B4A-11D0-8D11-00A0C91BC942}") = "Urltest", "Urltest\Urltest.vcxproj", "{64CC78D9-8CB0-499B-B58A-174CD9D5D342}"
EndProject
Project("{8BC9CEB8-8B4A-11D0-8D11-00A0C91BC942}") = "Test", "Test\Test.vcxproj", "{DA8C3836-FD73-4A4B-A10B-479F9B1C4085}"
EndProject
Global
	GlobalSection(SolutionConfigurationPlatforms) = preSolution
		Debug|x64 = Debug|x64
		Debug|x86 = Debug|x86
		Release|x64 = Release|x64
		Release|x86 = Release|x86
	EndGlobalSection
	GlobalSection(ProjectConfigurationPlatforms) = postSolution
		{FE07329E-4920-40F9-8595-78561727F1CA}.Debug|x64.ActiveCfg = Debug|x64
		{FE07329E-4920-40F9-8595-78561727F1CA}.Debug|x64.Build.0 = Debug|x64
		{FE07329E-4920-40F9-8595-78561727F1CA}.Debug|x86.ActiveCfg = Debug|Win32
		{FE07329E-4920-40F9-8595-78561727F1CA}.Debug|x86.Build.0 = Debug|Win32
		{FE07329E-4920-40F9-8595-78561727F1CA}.Release|x64.ActiveCfg = Release|x64
		{FE07329E-4920-40F9-8595-78561727F1CA}.Release|x64.Build.0 = Release|x64
		{FE07329E-4920-40F9-8595-78561727F1CA}.Release|x86.ActiveCfg = Release|Win32
		{FE07329E-4920-40F9-8595-78561727F1CA}.Release|x86.Build.0 = Release|Win32
		{94D511CA-C5B5-4267-BC3F-D4459F08016E}.Debug|x64.ActiveCfg = Debug|x64
		{94D511CA-C5B5-4267-BC3F-D4459F08016E}.Debug|x64.Build.0 = Debug|x64
		{94D511CA-C5B5-4267-BC3F-D4459F08016E}.Debug|x86.ActiveCfg = Debug|Win32
		{94D511CA-C5B5-4267-BC3F-D4459F08016E}.Debug|x86.Build.0 = Debug|Win32
		{94D511CA-C5B5-4267-BC3F-D4459F08016E}.Release|x64.ActiveCfg = Release|x64
		{94D511CA-C5B5-4267-BC3F-D4459F08016E}.Release|x64.Build.0 = Release|x64
		{94D511CA-C5B5-4267-BC3F-D4459F08016E}.Release|x86.ActiveCfg = Release|Win32
		{94D511CA-C5B5-4267-BC3F-D4459F08016E}.Release|x86.Build.0 = Release|Win32
		{64CC78D9-8CB0-499B-B58A-174CD9D5D342}.Debug|x64.ActiveCfg = Debug|x64
		{64CC78D9-8CB0-499B-B58A-174CD9D5D342}.Debug|x64.Build.0 = Debug|x64
		{64CC78D9-8CB0-499B-B58A-174CD9D5D342}.Debug|x86.ActiveCfg = Debug|Win32
		{64CC78D9-8CB0-499B-B58A-174CD9D5D342}.Debug|x86.Build.0 = Debug|Win32
		{64CC78D9-8CB0-499B-B58A-174CD9D5D342}.Release|x64.ActiveCfg = Release|x64
		{64CC78D9-8CB0-499B-B58A-174CD9D5D342}.Release|x64.Build.0 = Release|x64
		{64CC78D9-8CB0-499B-B58A-174CD9D5D342}.Release|x86.ActiveCfg = Release|Win32
		{64CC78D9-8CB0-499B-B58A-174CD9D5D342}.Release|x86.Build.0 = Release|Win32
		{DA8C3836-FD73-4A4B-A10B-479F9B1C4085}.Debug|x64.ActiveCfg = Debug|x64
		{DA8C3836-FD73-4A4B-A10B-479F9B1C4085}.Debug|x64.Build.0 = Debug|x64
		{DA8C3836-FD73-4A4B-A10B-479F9B1C4085}.Debug|x86.ActiveCfg = Debug|Win32
		{DA8C3836-FD73-4A4B-A10B-479F9B1C4085}.Debug|x86.Build.0 = Debug|Win32
		{DA8C3836-FD73-4A4B-A10B-479F9B1C4085}.Release|x64.ActiveCfg = Release|x64
		{DA8C3836-FD73-4A4B-A10B-479F9B1C4085}.Release|x64.Build.0 = Release|x64
		{DA8C3836-FD73-4A4B-A10B-479F9B1C4085}.Release|x86.ActiveCfg = Release|Win32
		{DA8C3836-FD73-4A4B-A10B-479F9B1C4085}.Release|x86.Build.0 = Release|Win32
	EndGlobalSection
	GlobalSection(SolutionProperties) = preSolution
		HideSolutionNode = FALSE
	EndGlobalSection
EndGlobal
